
Microsoft Visual Studio Solution File, Format Version 12.00
# Visual Studio Version 17
VisualStudioVersion = 17.11.35303.130
MinimumVisualStudioVersion = 10.0.40219.1
Project("{2150E333-8FDC-42A3-9474-1A3956D46DE8}") = "Task0", "Task0", "{000C1F86-D35E-496F-9701-D55646349D8B}"
EndProject
Project("{9A19103F-16F7-4668-BE54-9A1E7A4F7556}") = "Tyuiu.PuzinaDA.Sprint6.Task0.V14.Lib", "Tyuiu.PuzinaDA.Sprint6.Task0.V14.Lib\Tyuiu.PuzinaDA.Sprint6.Task0.V14.Lib.csproj", "{A7E1B353-AEDD-4CD6-BD21-2B8BE7D90390}"
EndProject
Project("{9A19103F-16F7-4668-BE54-9A1E7A4F7556}") = "Tyuiu.PuzinaDA.Sprint6.Task0.V14.Test", "Tyuiu.PuzinaDA.Sprint6.Task0.V14.Test\Tyuiu.PuzinaDA.Sprint6.Task0.V14.Test.csproj", "{8BA85783-1B21-4701-847F-BB6A7278A13E}"
EndProject
Project("{9A19103F-16F7-4668-BE54-9A1E7A4F7556}") = "Tyuiu.PuzinaDA.Sprint6.Task0.V14", "Tyuiu.PuzinaDA.Sprint6.Task0.V14\Tyuiu.PuzinaDA.Sprint6.Task0.V14.csproj", "{94624A5A-A942-4E1D-9EC4-976E30B36240}"
EndProject
Project("{2150E333-8FDC-42A3-9474-1A3956D46DE8}") = "Task1", "Task1", "{AE0432CD-8365-4128-8CA5-DFA77A500634}"
EndProject
Project("{9A19103F-16F7-4668-BE54-9A1E7A4F7556}") = "Tyuiu.PuzinaDA.Sprint6.Task1.V13.Lib", "Tyuiu.PuzinaDA.Sprint6.Task1.V13.Lib\Tyuiu.PuzinaDA.Sprint6.Task1.V13.Lib.csproj", "{C4549A61-8753-4766-8117-EEFF5FA905F0}"
EndProject
Project("{9A19103F-16F7-4668-BE54-9A1E7A4F7556}") = "Tyuiu.PuzinaDA.Sprint6.Task1.V13.Test", "Tyuiu.PuzinaDA.Sprint6.Task1.V13.Test\Tyuiu.PuzinaDA.Sprint6.Task1.V13.Test.csproj", "{FFE20DC4-A5C6-4712-A4EE-640E7EB76885}"
EndProject
Project("{9A19103F-16F7-4668-BE54-9A1E7A4F7556}") = "Tyuiu.PuzinaDA.Sprint6.Task1.V13", "Tyuiu.PuzinaDA.Sprint6.Task1.V13\Tyuiu.PuzinaDA.Sprint6.Task1.V13.csproj", "{14F2E66C-4735-476F-9DEA-C52E5638EF87}"
EndProject
Project("{2150E333-8FDC-42A3-9474-1A3956D46DE8}") = "Task2", "Task2", "{244A80E8-BFE7-4301-9F35-E43AAEC53932}"
EndProject
Project("{9A19103F-16F7-4668-BE54-9A1E7A4F7556}") = "Tyuiu.PuzinaDA.Sprint6.Task2.V15.Lib", "Tyuiu.PuzinaDA.Sprint6.Task2.V15.Lib\Tyuiu.PuzinaDA.Sprint6.Task2.V15.Lib.csproj", "{59D84AFB-05D7-4273-A9AB-45CD09CF021F}"
EndProject
Project("{9A19103F-16F7-4668-BE54-9A1E7A4F7556}") = "Tyuiu.PuzinaDA.Sprint6.Task2.V15.Test", "Tyuiu.PuzinaDA.Sprint6.Task2.V15.Test\Tyuiu.PuzinaDA.Sprint6.Task2.V15.Test.csproj", "{4D29393D-B57E-42C2-B76D-BB46FDF061D7}"
EndProject
Project("{9A19103F-16F7-4668-BE54-9A1E7A4F7556}") = "Tyuiu.PuzinaDA.Sprint6.Task2.V15", "Tyuiu.PuzinaDA.Sprint6.Task2.V15\Tyuiu.PuzinaDA.Sprint6.Task2.V15.csproj", "{D926DEF3-2291-474E-8139-E0C621DE83FA}"
EndProject
Project("{2150E333-8FDC-42A3-9474-1A3956D46DE8}") = "Task3", "Task3", "{939F4A77-8918-4E1C-84EB-3A7DC382FD43}"
EndProject
Project("{9A19103F-16F7-4668-BE54-9A1E7A4F7556}") = "Tyuiu.PuzinaDA.Sprint6.Task3.V19.Lib", "Tyuiu.PuzinaDA.Sprint6.Task3.V19.Lib\Tyuiu.PuzinaDA.Sprint6.Task3.V19.Lib.csproj", "{1D72992F-3082-41DD-952E-134E7B9D7BF3}"
EndProject
Project("{9A19103F-16F7-4668-BE54-9A1E7A4F7556}") = "Tyuiu.PuzinaDA.Sprint6.Task3.V19.Test", "Tyuiu.PuzinaDA.Sprint6.Task3.V19.Test\Tyuiu.PuzinaDA.Sprint6.Task3.V19.Test.csproj", "{8D052040-B1B4-49B6-80EF-F0BC47618BD7}"
EndProject
Project("{9A19103F-16F7-4668-BE54-9A1E7A4F7556}") = "Tyuiu.PuzinaDA.Sprint6.Task3.V19", "Tyuiu.PuzinaDA.Sprint6.Task3.V19\Tyuiu.PuzinaDA.Sprint6.Task3.V19.csproj", "{652AA93A-16AD-4905-AEAC-662899519F89}"
EndProject
Project("{2150E333-8FDC-42A3-9474-1A3956D46DE8}") = "Task4", "Task4", "{D5C55934-7F6D-4969-932A-EF0594F6DDF7}"
EndProject
Project("{9A19103F-16F7-4668-BE54-9A1E7A4F7556}") = "Tyuiu.PuzinaDA.Sprint6.Task4.V13.Lib", "Tyuiu.PuzinaDA.Sprint6.Task4.V13.Lib\Tyuiu.PuzinaDA.Sprint6.Task4.V13.Lib.csproj", "{24E7D199-6D4A-4DD4-BC13-BB660D8D1A58}"
EndProject
Project("{9A19103F-16F7-4668-BE54-9A1E7A4F7556}") = "Tyuiu.PuzinaDA.Sprint6.Task4.V13.Test", "Tyuiu.PuzinaDA.Sprint6.Task4.V13.Test\Tyuiu.PuzinaDA.Sprint6.Task4.V13.Test.csproj", "{F2C82226-3372-415D-9783-37D1360345F9}"
EndProject
Project("{9A19103F-16F7-4668-BE54-9A1E7A4F7556}") = "Tyuiu.PuzinaDA.Sprint6.Task4.V13", "Tyuiu.PuzinaDA.Sprint6.Task4.V13\Tyuiu.PuzinaDA.Sprint6.Task4.V13.csproj", "{66779052-06BA-4A67-A547-4558317489CE}"
EndProject
Project("{2150E333-8FDC-42A3-9474-1A3956D46DE8}") = "Task5", "Task5", "{DD234D7F-8975-46B9-9098-37899473F0E4}"
EndProject
Project("{FAE04EC0-301F-11D3-BF4B-00C04F79EFBC}") = "Tyuiu.PuzinaDA.Sprint6.Task5.V15.Lib", "Tyuiu.PuzinaDA.Sprint6.Task5.V15.Lib\Tyuiu.PuzinaDA.Sprint6.Task5.V15.Lib.csproj", "{90AC3A98-C3BD-4212-9642-44D416103053}"
EndProject
Project("{FAE04EC0-301F-11D3-BF4B-00C04F79EFBC}") = "Tyuiu.PuzinaDA.Sprint6.Task5.V15.Test", "Tyuiu.PuzinaDA.Sprint6.Task5.V15.Test\Tyuiu.PuzinaDA.Sprint6.Task5.V15.Test.csproj", "{330A0CF0-452D-44D1-92A0-A29C2FCE72D8}"
EndProject
Project("{FAE04EC0-301F-11D3-BF4B-00C04F79EFBC}") = "Tyuiu.PuzinaDA.Sprint6.Task5.V15", "Tyuiu.PuzinaDA.Sprint6.Task5.V15\Tyuiu.PuzinaDA.Sprint6.Task5.V15.csproj", "{E25414B7-14DF-4032-9160-92F7FF124B86}"
EndProject
Global
	GlobalSection(SolutionConfigurationPlatforms) = preSolution
		Debug|Any CPU = Debug|Any CPU
		Release|Any CPU = Release|Any CPU
	EndGlobalSection
	GlobalSection(ProjectConfigurationPlatforms) = postSolution
		{A7E1B353-AEDD-4CD6-BD21-2B8BE7D90390}.Debug|Any CPU.ActiveCfg = Debug|Any CPU
		{A7E1B353-AEDD-4CD6-BD21-2B8BE7D90390}.Debug|Any CPU.Build.0 = Debug|Any CPU
		{A7E1B353-AEDD-4CD6-BD21-2B8BE7D90390}.Release|Any CPU.ActiveCfg = Release|Any CPU
		{A7E1B353-AEDD-4CD6-BD21-2B8BE7D90390}.Release|Any CPU.Build.0 = Release|Any CPU
		{8BA85783-1B21-4701-847F-BB6A7278A13E}.Debug|Any CPU.ActiveCfg = Debug|Any CPU
		{8BA85783-1B21-4701-847F-BB6A7278A13E}.Debug|Any CPU.Build.0 = Debug|Any CPU
		{8BA85783-1B21-4701-847F-BB6A7278A13E}.Release|Any CPU.ActiveCfg = Release|Any CPU
		{8BA85783-1B21-4701-847F-BB6A7278A13E}.Release|Any CPU.Build.0 = Release|Any CPU
		{94624A5A-A942-4E1D-9EC4-976E30B36240}.Debug|Any CPU.ActiveCfg = Debug|Any CPU
		{94624A5A-A942-4E1D-9EC4-976E30B36240}.Debug|Any CPU.Build.0 = Debug|Any CPU
		{94624A5A-A942-4E1D-9EC4-976E30B36240}.Release|Any CPU.ActiveCfg = Release|Any CPU
		{94624A5A-A942-4E1D-9EC4-976E30B36240}.Release|Any CPU.Build.0 = Release|Any CPU
		{C4549A61-8753-4766-8117-EEFF5FA905F0}.Debug|Any CPU.ActiveCfg = Debug|Any CPU
		{C4549A61-8753-4766-8117-EEFF5FA905F0}.Debug|Any CPU.Build.0 = Debug|Any CPU
		{C4549A61-8753-4766-8117-EEFF5FA905F0}.Release|Any CPU.ActiveCfg = Release|Any CPU
		{C4549A61-8753-4766-8117-EEFF5FA905F0}.Release|Any CPU.Build.0 = Release|Any CPU
		{FFE20DC4-A5C6-4712-A4EE-640E7EB76885}.Debug|Any CPU.ActiveCfg = Debug|Any CPU
		{FFE20DC4-A5C6-4712-A4EE-640E7EB76885}.Debug|Any CPU.Build.0 = Debug|Any CPU
		{FFE20DC4-A5C6-4712-A4EE-640E7EB76885}.Release|Any CPU.ActiveCfg = Release|Any CPU
		{FFE20DC4-A5C6-4712-A4EE-640E7EB76885}.Release|Any CPU.Build.0 = Release|Any CPU
		{14F2E66C-4735-476F-9DEA-C52E5638EF87}.Debug|Any CPU.ActiveCfg = Debug|Any CPU
		{14F2E66C-4735-476F-9DEA-C52E5638EF87}.Debug|Any CPU.Build.0 = Debug|Any CPU
		{14F2E66C-4735-476F-9DEA-C52E5638EF87}.Release|Any CPU.ActiveCfg = Release|Any CPU
		{14F2E66C-4735-476F-9DEA-C52E5638EF87}.Release|Any CPU.Build.0 = Release|Any CPU
		{59D84AFB-05D7-4273-A9AB-45CD09CF021F}.Debug|Any CPU.ActiveCfg = Debug|Any CPU
		{59D84AFB-05D7-4273-A9AB-45CD09CF021F}.Debug|Any CPU.Build.0 = Debug|Any CPU
		{59D84AFB-05D7-4273-A9AB-45CD09CF021F}.Release|Any CPU.ActiveCfg = Release|Any CPU
		{59D84AFB-05D7-4273-A9AB-45CD09CF021F}.Release|Any CPU.Build.0 = Release|Any CPU
		{4D29393D-B57E-42C2-B76D-BB46FDF061D7}.Debug|Any CPU.ActiveCfg = Debug|Any CPU
		{4D29393D-B57E-42C2-B76D-BB46FDF061D7}.Debug|Any CPU.Build.0 = Debug|Any CPU
		{4D29393D-B57E-42C2-B76D-BB46FDF061D7}.Release|Any CPU.ActiveCfg = Release|Any CPU
		{4D29393D-B57E-42C2-B76D-BB46FDF061D7}.Release|Any CPU.Build.0 = Release|Any CPU
		{D926DEF3-2291-474E-8139-E0C621DE83FA}.Debug|Any CPU.ActiveCfg = Debug|Any CPU
		{D926DEF3-2291-474E-8139-E0C621DE83FA}.Debug|Any CPU.Build.0 = Debug|Any CPU
		{D926DEF3-2291-474E-8139-E0C621DE83FA}.Release|Any CPU.ActiveCfg = Release|Any CPU
		{D926DEF3-2291-474E-8139-E0C621DE83FA}.Release|Any CPU.Build.0 = Release|Any CPU
		{1D72992F-3082-41DD-952E-134E7B9D7BF3}.Debug|Any CPU.ActiveCfg = Debug|Any CPU
		{1D72992F-3082-41DD-952E-134E7B9D7BF3}.Debug|Any CPU.Build.0 = Debug|Any CPU
		{1D72992F-3082-41DD-952E-134E7B9D7BF3}.Release|Any CPU.ActiveCfg = Release|Any CPU
		{1D72992F-3082-41DD-952E-134E7B9D7BF3}.Release|Any CPU.Build.0 = Release|Any CPU
		{8D052040-B1B4-49B6-80EF-F0BC47618BD7}.Debug|Any CPU.ActiveCfg = Debug|Any CPU
		{8D052040-B1B4-49B6-80EF-F0BC47618BD7}.Debug|Any CPU.Build.0 = Debug|Any CPU
		{8D052040-B1B4-49B6-80EF-F0BC47618BD7}.Release|Any CPU.ActiveCfg = Release|Any CPU
		{8D052040-B1B4-49B6-80EF-F0BC47618BD7}.Release|Any CPU.Build.0 = Release|Any CPU
		{652AA93A-16AD-4905-AEAC-662899519F89}.Debug|Any CPU.ActiveCfg = Debug|Any CPU
		{652AA93A-16AD-4905-AEAC-662899519F89}.Debug|Any CPU.Build.0 = Debug|Any CPU
		{652AA93A-16AD-4905-AEAC-662899519F89}.Release|Any CPU.ActiveCfg = Release|Any CPU
		{652AA93A-16AD-4905-AEAC-662899519F89}.Release|Any CPU.Build.0 = Release|Any CPU
		{24E7D199-6D4A-4DD4-BC13-BB660D8D1A58}.Debug|Any CPU.ActiveCfg = Debug|Any CPU
		{24E7D199-6D4A-4DD4-BC13-BB660D8D1A58}.Debug|Any CPU.Build.0 = Debug|Any CPU
		{24E7D199-6D4A-4DD4-BC13-BB660D8D1A58}.Release|Any CPU.ActiveCfg = Release|Any CPU
		{24E7D199-6D4A-4DD4-BC13-BB660D8D1A58}.Release|Any CPU.Build.0 = Release|Any CPU
		{F2C82226-3372-415D-9783-37D1360345F9}.Debug|Any CPU.ActiveCfg = Debug|Any CPU
		{F2C82226-3372-415D-9783-37D1360345F9}.Debug|Any CPU.Build.0 = Debug|Any CPU
		{F2C82226-3372-415D-9783-37D1360345F9}.Release|Any CPU.ActiveCfg = Release|Any CPU
		{F2C82226-3372-415D-9783-37D1360345F9}.Release|Any CPU.Build.0 = Release|Any CPU
		{66779052-06BA-4A67-A547-4558317489CE}.Debug|Any CPU.ActiveCfg = Debug|Any CPU
		{66779052-06BA-4A67-A547-4558317489CE}.Debug|Any CPU.Build.0 = Debug|Any CPU
		{66779052-06BA-4A67-A547-4558317489CE}.Release|Any CPU.ActiveCfg = Release|Any CPU
		{66779052-06BA-4A67-A547-4558317489CE}.Release|Any CPU.Build.0 = Release|Any CPU
		{90AC3A98-C3BD-4212-9642-44D416103053}.Debug|Any CPU.ActiveCfg = Debug|Any CPU
		{90AC3A98-C3BD-4212-9642-44D416103053}.Debug|Any CPU.Build.0 = Debug|Any CPU
		{90AC3A98-C3BD-4212-9642-44D416103053}.Release|Any CPU.ActiveCfg = Release|Any CPU
		{90AC3A98-C3BD-4212-9642-44D416103053}.Release|Any CPU.Build.0 = Release|Any CPU
		{330A0CF0-452D-44D1-92A0-A29C2FCE72D8}.Debug|Any CPU.ActiveCfg = Debug|Any CPU
		{330A0CF0-452D-44D1-92A0-A29C2FCE72D8}.Debug|Any CPU.Build.0 = Debug|Any CPU
		{330A0CF0-452D-44D1-92A0-A29C2FCE72D8}.Release|Any CPU.ActiveCfg = Release|Any CPU
		{330A0CF0-452D-44D1-92A0-A29C2FCE72D8}.Release|Any CPU.Build.0 = Release|Any CPU
		{E25414B7-14DF-4032-9160-92F7FF124B86}.Debug|Any CPU.ActiveCfg = Debug|Any CPU
		{E25414B7-14DF-4032-9160-92F7FF124B86}.Debug|Any CPU.Build.0 = Debug|Any CPU
		{E25414B7-14DF-4032-9160-92F7FF124B86}.Release|Any CPU.ActiveCfg = Release|Any CPU
		{E25414B7-14DF-4032-9160-92F7FF124B86}.Release|Any CPU.Build.0 = Release|Any CPU
	EndGlobalSection
	GlobalSection(SolutionProperties) = preSolution
		HideSolutionNode = FALSE
	EndGlobalSection
	GlobalSection(NestedProjects) = preSolution
		{A7E1B353-AEDD-4CD6-BD21-2B8BE7D90390} = {000C1F86-D35E-496F-9701-D55646349D8B}
		{8BA85783-1B21-4701-847F-BB6A7278A13E} = {000C1F86-D35E-496F-9701-D55646349D8B}
		{94624A5A-A942-4E1D-9EC4-976E30B36240} = {000C1F86-D35E-496F-9701-D55646349D8B}
		{C4549A61-8753-4766-8117-EEFF5FA905F0} = {AE0432CD-8365-4128-8CA5-DFA77A500634}
		{FFE20DC4-A5C6-4712-A4EE-640E7EB76885} = {AE0432CD-8365-4128-8CA5-DFA77A500634}
		{14F2E66C-4735-476F-9DEA-C52E5638EF87} = {AE0432CD-8365-4128-8CA5-DFA77A500634}
		{59D84AFB-05D7-4273-A9AB-45CD09CF021F} = {244A80E8-BFE7-4301-9F35-E43AAEC53932}
		{4D29393D-B57E-42C2-B76D-BB46FDF061D7} = {244A80E8-BFE7-4301-9F35-E43AAEC53932}
		{D926DEF3-2291-474E-8139-E0C621DE83FA} = {244A80E8-BFE7-4301-9F35-E43AAEC53932}
		{1D72992F-3082-41DD-952E-134E7B9D7BF3} = {939F4A77-8918-4E1C-84EB-3A7DC382FD43}
		{8D052040-B1B4-49B6-80EF-F0BC47618BD7} = {939F4A77-8918-4E1C-84EB-3A7DC382FD43}
		{652AA93A-16AD-4905-AEAC-662899519F89} = {939F4A77-8918-4E1C-84EB-3A7DC382FD43}
		{24E7D199-6D4A-4DD4-BC13-BB660D8D1A58} = {D5C55934-7F6D-4969-932A-EF0594F6DDF7}
		{F2C82226-3372-415D-9783-37D1360345F9} = {D5C55934-7F6D-4969-932A-EF0594F6DDF7}
		{66779052-06BA-4A67-A547-4558317489CE} = {D5C55934-7F6D-4969-932A-EF0594F6DDF7}
		{90AC3A98-C3BD-4212-9642-44D416103053} = {DD234D7F-8975-46B9-9098-37899473F0E4}
		{330A0CF0-452D-44D1-92A0-A29C2FCE72D8} = {DD234D7F-8975-46B9-9098-37899473F0E4}
		{E25414B7-14DF-4032-9160-92F7FF124B86} = {DD234D7F-8975-46B9-9098-37899473F0E4}
	EndGlobalSection
	GlobalSection(ExtensibilityGlobals) = postSolution
		SolutionGuid = {DCE3499B-58AA-4AF7-978C-2BAAC458091C}
	EndGlobalSection
EndGlobal
